// !$*UTF8*$!
{
	archiveVersion = 1;
	classes = {
	};
	objectVersion = 46;
	objects = {

/* Begin PBXBuildFile section */
		314992C91EE6F76C00ACFABB /* AppDelegate.swift in Sources */ = {isa = PBXBuildFile; fileRef = 314992C81EE6F76C00ACFABB /* AppDelegate.swift */; };
		314992CE1EE6F76C00ACFABB /* Main.storyboard in Resources */ = {isa = PBXBuildFile; fileRef = 314992CC1EE6F76C00ACFABB /* Main.storyboard */; };
		314992D01EE6F76C00ACFABB /* Assets.xcassets in Resources */ = {isa = PBXBuildFile; fileRef = 314992CF1EE6F76C00ACFABB /* Assets.xcassets */; };
		314992D31EE6F76C00ACFABB /* LaunchScreen.storyboard in Resources */ = {isa = PBXBuildFile; fileRef = 314992D11EE6F76C00ACFABB /* LaunchScreen.storyboard */; };
		314992DE1EE6F76C00ACFABB /* StretchMyHeaderTests.swift in Sources */ = {isa = PBXBuildFile; fileRef = 314992DD1EE6F76C00ACFABB /* StretchMyHeaderTests.swift */; };
		314992E91EE6F93300ACFABB /* CustomTableViewCell.swift in Sources */ = {isa = PBXBuildFile; fileRef = 314992E81EE6F93300ACFABB /* CustomTableViewCell.swift */; };
		314992EB1EE6F95600ACFABB /* MasterTableViewController.swift in Sources */ = {isa = PBXBuildFile; fileRef = 314992EA1EE6F95600ACFABB /* MasterTableViewController.swift */; };
		314992ED1EE6FC9F00ACFABB /* NewsStory.swift in Sources */ = {isa = PBXBuildFile; fileRef = 314992EC1EE6FC9F00ACFABB /* NewsStory.swift */; };
		314992EF1EE6FD7F00ACFABB /* NewsItem.swift in Sources */ = {isa = PBXBuildFile; fileRef = 314992EE1EE6FD7F00ACFABB /* NewsItem.swift */; };
		314992F11EE6FE1900ACFABB /* CategoryManager.swift in Sources */ = {isa = PBXBuildFile; fileRef = 314992F01EE6FE1900ACFABB /* CategoryManager.swift */; };
/* End PBXBuildFile section */

/* Begin PBXContainerItemProxy section */
		314992DA1EE6F76C00ACFABB /* PBXContainerItemProxy */ = {
			isa = PBXContainerItemProxy;
			containerPortal = 314992BD1EE6F76C00ACFABB /* Project object */;
			proxyType = 1;
			remoteGlobalIDString = 314992C41EE6F76C00ACFABB;
			remoteInfo = StretchMyHeader;
		};
/* End PBXContainerItemProxy section */

/* Begin PBXFileReference section */
		314992C51EE6F76C00ACFABB /* StretchMyHeader.app */ = {isa = PBXFileReference; explicitFileType = wrapper.application; includeInIndex = 0; path = StretchMyHeader.app; sourceTree = BUILT_PRODUCTS_DIR; };
		314992C81EE6F76C00ACFABB /* AppDelegate.swift */ = {isa = PBXFileReference; lastKnownFileType = sourcecode.swift; path = AppDelegate.swift; sourceTree = "<group>"; };
		314992CD1EE6F76C00ACFABB /* Base */ = {isa = PBXFileReference; lastKnownFileType = file.storyboard; name = Base; path = Base.lproj/Main.storyboard; sourceTree = "<group>"; };
		314992CF1EE6F76C00ACFABB /* Assets.xcassets */ = {isa = PBXFileReference; lastKnownFileType = folder.assetcatalog; path = Assets.xcassets; sourceTree = "<group>"; };
		314992D21EE6F76C00ACFABB /* Base */ = {isa = PBXFileReference; lastKnownFileType = file.storyboard; name = Base; path = Base.lproj/LaunchScreen.storyboard; sourceTree = "<group>"; };
		314992D41EE6F76C00ACFABB /* Info.plist */ = {isa = PBXFileReference; lastKnownFileType = text.plist.xml; path = Info.plist; sourceTree = "<group>"; };
		314992D91EE6F76C00ACFABB /* StretchMyHeaderTests.xctest */ = {isa = PBXFileReference; explicitFileType = wrapper.cfbundle; includeInIndex = 0; path = StretchMyHeaderTests.xctest; sourceTree = BUILT_PRODUCTS_DIR; };
		314992DD1EE6F76C00ACFABB /* StretchMyHeaderTests.swift */ = {isa = PBXFileReference; lastKnownFileType = sourcecode.swift; path = StretchMyHeaderTests.swift; sourceTree = "<group>"; };
		314992DF1EE6F76C00ACFABB /* Info.plist */ = {isa = PBXFileReference; lastKnownFileType = text.plist.xml; path = Info.plist; sourceTree = "<group>"; };
		314992E81EE6F93300ACFABB /* CustomTableViewCell.swift */ = {isa = PBXFileReference; fileEncoding = 4; lastKnownFileType = sourcecode.swift; path = CustomTableViewCell.swift; sourceTree = "<group>"; };
		314992EA1EE6F95600ACFABB /* MasterTableViewController.swift */ = {isa = PBXFileReference; fileEncoding = 4; lastKnownFileType = sourcecode.swift; path = MasterTableViewController.swift; sourceTree = "<group>"; };
		314992EC1EE6FC9F00ACFABB /* NewsStory.swift */ = {isa = PBXFileReference; fileEncoding = 4; lastKnownFileType = sourcecode.swift; path = NewsStory.swift; sourceTree = "<group>"; };
		314992EE1EE6FD7F00ACFABB /* NewsItem.swift */ = {isa = PBXFileReference; fileEncoding = 4; lastKnownFileType = sourcecode.swift; path = NewsItem.swift; sourceTree = "<group>"; };
		314992F01EE6FE1900ACFABB /* CategoryManager.swift */ = {isa = PBXFileReference; fileEncoding = 4; lastKnownFileType = sourcecode.swift; path = CategoryManager.swift; sourceTree = "<group>"; };
/* End PBXFileReference section */

/* Begin PBXFrameworksBuildPhase section */
		314992C21EE6F76C00ACFABB /* Frameworks */ = {
			isa = PBXFrameworksBuildPhase;
			buildActionMask = 2147483647;
			files = (
			);
			runOnlyForDeploymentPostprocessing = 0;
		};
		314992D61EE6F76C00ACFABB /* Frameworks */ = {
			isa = PBXFrameworksBuildPhase;
			buildActionMask = 2147483647;
			files = (
			);
			runOnlyForDeploymentPostprocessing = 0;
		};
/* End PBXFrameworksBuildPhase section */

/* Begin PBXGroup section */
		314992BC1EE6F76C00ACFABB = {
			isa = PBXGroup;
			children = (
				314992C71EE6F76C00ACFABB /* StretchMyHeader */,
				314992DC1EE6F76C00ACFABB /* StretchMyHeaderTests */,
				314992C61EE6F76C00ACFABB /* Products */,
			);
			sourceTree = "<group>";
		};
		314992C61EE6F76C00ACFABB /* Products */ = {
			isa = PBXGroup;
			children = (
				314992C51EE6F76C00ACFABB /* StretchMyHeader.app */,
				314992D91EE6F76C00ACFABB /* StretchMyHeaderTests.xctest */,
			);
			name = Products;
			sourceTree = "<group>";
		};
		314992C71EE6F76C00ACFABB /* StretchMyHeader */ = {
			isa = PBXGroup;
			children = (
				314992C81EE6F76C00ACFABB /* AppDelegate.swift */,
				314992EE1EE6FD7F00ACFABB /* NewsItem.swift */,
				314992EC1EE6FC9F00ACFABB /* NewsStory.swift */,
				314992F01EE6FE1900ACFABB /* CategoryManager.swift */,
				314992E81EE6F93300ACFABB /* CustomTableViewCell.swift */,
				314992EA1EE6F95600ACFABB /* MasterTableViewController.swift */,
				314992CC1EE6F76C00ACFABB /* Main.storyboard */,
				314992CF1EE6F76C00ACFABB /* Assets.xcassets */,
				314992D11EE6F76C00ACFABB /* LaunchScreen.storyboard */,
				314992D41EE6F76C00ACFABB /* Info.plist */,
			);
			path = StretchMyHeader;
			sourceTree = "<group>";
		};
		314992DC1EE6F76C00ACFABB /* StretchMyHeaderTests */ = {
			isa = PBXGroup;
			children = (
				314992DD1EE6F76C00ACFABB /* StretchMyHeaderTests.swift */,
				314992DF1EE6F76C00ACFABB /* Info.plist */,
			);
			path = StretchMyHeaderTests;
			sourceTree = "<group>";
		};
/* End PBXGroup section */

/* Begin PBXNativeTarget section */
		314992C41EE6F76C00ACFABB /* StretchMyHeader */ = {
			isa = PBXNativeTarget;
			buildConfigurationList = 314992E21EE6F76C00ACFABB /* Build configuration list for PBXNativeTarget "StretchMyHeader" */;
			buildPhases = (
				314992C11EE6F76C00ACFABB /* Sources */,
				314992C21EE6F76C00ACFABB /* Frameworks */,
				314992C31EE6F76C00ACFABB /* Resources */,
			);
			buildRules = (
			);
			dependencies = (
			);
			name = StretchMyHeader;
			productName = StretchMyHeader;
			productReference = 314992C51EE6F76C00ACFABB /* StretchMyHeader.app */;
			productType = "com.apple.product-type.application";
		};
		314992D81EE6F76C00ACFABB /* StretchMyHeaderTests */ = {
			isa = PBXNativeTarget;
			buildConfigurationList = 314992E51EE6F76C00ACFABB /* Build configuration list for PBXNativeTarget "StretchMyHeaderTests" */;
			buildPhases = (
				314992D51EE6F76C00ACFABB /* Sources */,
				314992D61EE6F76C00ACFABB /* Frameworks */,
				314992D71EE6F76C00ACFABB /* Resources */,
			);
			buildRules = (
			);
			dependencies = (
				314992DB1EE6F76C00ACFABB /* PBXTargetDependency */,
			);
			name = StretchMyHeaderTests;
			productName = StretchMyHeaderTests;
			productReference = 314992D91EE6F76C00ACFABB /* StretchMyHeaderTests.xctest */;
			productType = "com.apple.product-type.bundle.unit-test";
		};
/* End PBXNativeTarget section */

/* Begin PBXProject section */
		314992BD1EE6F76C00ACFABB /* Project object */ = {
			isa = PBXProject;
			attributes = {
				LastSwiftUpdateCheck = 0830;
				LastUpgradeCheck = 0830;
				ORGANIZATIONNAME = RushanBenazir;
				TargetAttributes = {
					314992C41EE6F76C00ACFABB = {
						CreatedOnToolsVersion = 8.3.2;
						ProvisioningStyle = Automatic;
					};
					314992D81EE6F76C00ACFABB = {
						CreatedOnToolsVersion = 8.3.2;
						ProvisioningStyle = Automatic;
						TestTargetID = 314992C41EE6F76C00ACFABB;
					};
				};
			};
			buildConfigurationList = 314992C01EE6F76C00ACFABB /* Build configuration list for PBXProject "StretchMyHeader" */;
			compatibilityVersion = "Xcode 3.2";
			developmentRegion = English;
			hasScannedForEncodings = 0;
			knownRegions = (
				en,
				Base,
			);
			mainGroup = 314992BC1EE6F76C00ACFABB;
			productRefGroup = 314992C61EE6F76C00ACFABB /* Products */;
			projectDirPath = "";
			projectRoot = "";
			targets = (
				314992C41EE6F76C00ACFABB /* StretchMyHeader */,
				314992D81EE6F76C00ACFABB /* StretchMyHeaderTests */,
			);
		};
/* End PBXProject section */

/* Begin PBXResourcesBuildPhase section */
		314992C31EE6F76C00ACFABB /* Resources */ = {
			isa = PBXResourcesBuildPhase;
			buildActionMask = 2147483647;
			files = (
				314992D31EE6F76C00ACFABB /* LaunchScreen.storyboard in Resources */,
				314992D01EE6F76C00ACFABB /* Assets.xcassets in Resources */,
				314992CE1EE6F76C00ACFABB /* Main.storyboard in Resources */,
			);
			runOnlyForDeploymentPostprocessing = 0;
		};
		314992D71EE6F76C00ACFABB /* Resources */ = {
			isa = PBXResourcesBuildPhase;
			buildActionMask = 2147483647;
			files = (
			);
			runOnlyForDeploymentPostprocessing = 0;
		};
/* End PBXResourcesBuildPhase section */

/* Begin PBXSourcesBuildPhase section */
		314992C11EE6F76C00ACFABB /* Sources */ = {
			isa = PBXSourcesBuildPhase;
			buildActionMask = 2147483647;
			files = (
				314992ED1EE6FC9F00ACFABB /* NewsStory.swift in Sources */,
				314992EF1EE6FD7F00ACFABB /* NewsItem.swift in Sources */,
				314992E91EE6F93300ACFABB /* CustomTableViewCell.swift in Sources */,
				314992EB1EE6F95600ACFABB /* MasterTableViewController.swift in Sources */,
				314992C91EE6F76C00ACFABB /* AppDelegate.swift in Sources */,
				314992F11EE6FE1900ACFABB /* CategoryManager.swift in Sources */,
			);
			runOnlyForDeploymentPostprocessing = 0;
		};
		314992D51EE6F76C00ACFABB /* Sources */ = {
			isa = PBXSourcesBuildPhase;
			buildActionMask = 2147483647;
			files = (
				314992DE1EE6F76C00ACFABB /* StretchMyHeaderTests.swift in Sources */,
			);
			runOnlyForDeploymentPostprocessing = 0;
		};
/* End PBXSourcesBuildPhase section */

/* Begin PBXTargetDependency section */
		314992DB1EE6F76C00ACFABB /* PBXTargetDependency */ = {
			isa = PBXTargetDependency;
			target = 314992C41EE6F76C00ACFABB /* StretchMyHeader */;
			targetProxy = 314992DA1EE6F76C00ACFABB /* PBXContainerItemProxy */;
		};
/* End PBXTargetDependency section */

/* Begin PBXVariantGroup section */
		314992CC1EE6F76C00ACFABB /* Main.storyboard */ = {
			isa = PBXVariantGroup;
			children = (
				314992CD1EE6F76C00ACFABB /* Base */,
			);
			name = Main.storyboard;
			sourceTree = "<group>";
		};
		314992D11EE6F76C00ACFABB /* LaunchScreen.storyboard */ = {
			isa = PBXVariantGroup;
			children = (
				314992D21EE6F76C00ACFABB /* Base */,
			);
			name = LaunchScreen.storyboard;
			sourceTree = "<group>";
		};
/* End PBXVariantGroup section */

/* Begin XCBuildConfiguration section */
		314992E01EE6F76C00ACFABB /* Debug */ = {
			isa = XCBuildConfiguration;
			buildSettings = {
				ALWAYS_SEARCH_USER_PATHS = NO;
				CLANG_ANALYZER_NONNULL = YES;
				CLANG_ANALYZER_NUMBER_OBJECT_CONVERSION = YES_AGGRESSIVE;
				CLANG_CXX_LANGUAGE_STANDARD = "gnu++0x";
				CLANG_CXX_LIBRARY = "libc++";
				CLANG_ENABLE_MODULES = YES;
				CLANG_ENABLE_OBJC_ARC = YES;
				CLANG_WARN_BOOL_CONVERSION = YES;
				CLANG_WARN_CONSTANT_CONVERSION = YES;
				CLANG_WARN_DIRECT_OBJC_ISA_USAGE = YES_ERROR;
				CLANG_WARN_DOCUMENTATION_COMMENTS = YES;
				CLANG_WARN_EMPTY_BODY = YES;
				CLANG_WARN_ENUM_CONVERSION = YES;
				CLANG_WARN_INFINITE_RECURSION = YES;
				CLANG_WARN_INT_CONVERSION = YES;
				CLANG_WARN_OBJC_ROOT_CLASS = YES_ERROR;
				CLANG_WARN_SUSPICIOUS_MOVE = YES;
				CLANG_WARN_UNREACHABLE_CODE = YES;
				CLANG_WARN__DUPLICATE_METHOD_MATCH = YES;
				"CODE_SIGN_IDENTITY[sdk=iphoneos*]" = "iPhone Developer";
				COPY_PHASE_STRIP = NO;
				DEBUG_INFORMATION_FORMAT = dwarf;
				ENABLE_STRICT_OBJC_MSGSEND = YES;
				ENABLE_TESTABILITY = YES;
				GCC_C_LANGUAGE_STANDARD = gnu99;
				GCC_DYNAMIC_NO_PIC = NO;
				GCC_NO_COMMON_BLOCKS = YES;
				GCC_OPTIMIZATION_LEVEL = 0;
				GCC_PREPROCESSOR_DEFINITIONS = (
					"DEBUG=1",
					"$(inherited)",
				);
				GCC_WARN_64_TO_32_BIT_CONVERSION = YES;
				GCC_WARN_ABOUT_RETURN_TYPE = YES_ERROR;
				GCC_WARN_UNDECLARED_SELECTOR = YES;
				GCC_WARN_UNINITIALIZED_AUTOS = YES_AGGRESSIVE;
				GCC_WARN_UNUSED_FUNCTION = YES;
				GCC_WARN_UNUSED_VARIABLE = YES;
				IPHONEOS_DEPLOYMENT_TARGET = 10.3;
				MTL_ENABLE_DEBUG_INFO = YES;
				ONLY_ACTIVE_ARCH = YES;
				SDKROOT = iphoneos;
				SWIFT_ACTIVE_COMPILATION_CONDITIONS = DEBUG;
				SWIFT_OPTIMIZATION_LEVEL = "-Onone";
				TARGETED_DEVICE_FAMILY = "1,2";
			};
			name = Debug;
		};
		314992E11EE6F76C00ACFABB /* Release */ = {
			isa = XCBuildConfiguration;
			buildSettings = {
				ALWAYS_SEARCH_USER_PATHS = NO;
				CLANG_ANALYZER_NONNULL = YES;
				CLANG_ANALYZER_NUMBER_OBJECT_CONVERSION = YES_AGGRESSIVE;
				CLANG_CXX_LANGUAGE_STANDARD = "gnu++0x";
				CLANG_CXX_LIBRARY = "libc++";
				CLANG_ENABLE_MODULES = YES;
				CLANG_ENABLE_OBJC_ARC = YES;
				CLANG_WARN_BOOL_CONVERSION = YES;
				CLANG_WARN_CONSTANT_CONVERSION = YES;
				CLANG_WARN_DIRECT_OBJC_ISA_USAGE = YES_ERROR;
				CLANG_WARN_DOCUMENTATION_COMMENTS = YES;
				CLANG_WARN_EMPTY_BODY = YES;
				CLANG_WARN_ENUM_CONVERSION = YES;
				CLANG_WARN_INFINITE_RECURSION = YES;
				CLANG_WARN_INT_CONVERSION = YES;
				CLANG_WARN_OBJC_ROOT_CLASS = YES_ERROR;
				CLANG_WARN_SUSPICIOUS_MOVE = YES;
				CLANG_WARN_UNREACHABLE_CODE = YES;
				CLANG_WARN__DUPLICATE_METHOD_MATCH = YES;
				"CODE_SIGN_IDENTITY[sdk=iphoneos*]" = "iPhone Developer";
				COPY_PHASE_STRIP = NO;
				DEBUG_INFORMATION_FORMAT = "dwarf-with-dsym";
				ENABLE_NS_ASSERTIONS = NO;
				ENABLE_STRICT_OBJC_MSGSEND = YES;
				GCC_C_LANGUAGE_STANDARD = gnu99;
				GCC_NO_COMMON_BLOCKS = YES;
				GCC_WARN_64_TO_32_BIT_CONVERSION = YES;
				GCC_WARN_ABOUT_RETURN_TYPE = YES_ERROR;
				GCC_WARN_UNDECLARED_SELECTOR = YES;
				GCC_WARN_UNINITIALIZED_AUTOS = YES_AGGRESSIVE;
				GCC_WARN_UNUSED_FUNCTION = YES;
				GCC_WARN_UNUSED_VARIABLE = YES;
				IPHONEOS_DEPLOYMENT_TARGET = 10.3;
				MTL_ENABLE_DEBUG_INFO = NO;
				SDKROOT = iphoneos;
				SWIFT_OPTIMIZATION_LEVEL = "-Owholemodule";
				TARGETED_DEVICE_FAMILY = "1,2";
				VALIDATE_PRODUCT = YES;
			};
			name = Release;
		};
		314992E31EE6F76C00ACFABB /* Debug */ = {
			isa = XCBuildConfiguration;
			buildSettings = {
				ASSETCATALOG_COMPILER_APPICON_NAME = AppIcon;
				INFOPLIST_FILE = StretchMyHeader/Info.plist;
				LD_RUNPATH_SEARCH_PATHS = "$(inherited) @executable_path/Frameworks";
				PRODUCT_BUNDLE_IDENTIFIER = RB.StretchMyHeader;
				PRODUCT_NAME = "$(TARGET_NAME)";
				SWIFT_VERSION = 3.0;
			};
			name = Debug;
		};
		314992E41EE6F76C00ACFABB /* Release */ = {
			isa = XCBuildConfiguration;
			buildSettings = {
				ASSETCATALOG_COMPILER_APPICON_NAME = AppIcon;
				INFOPLIST_FILE = StretchMyHeader/Info.plist;
				LD_RUNPATH_SEARCH_PATHS = "$(inherited) @executable_path/Frameworks";
				PRODUCT_BUNDLE_IDENTIFIER = RB.StretchMyHeader;
				PRODUCT_NAME = "$(TARGET_NAME)";
				SWIFT_VERSION = 3.0;
			};
			name = Release;
		};
		314992E61EE6F76C00ACFABB /* Debug */ = {
			isa = XCBuildConfiguration;
			buildSettings = {
				ALWAYS_EMBED_SWIFT_STANDARD_LIBRARIES = YES;
				BUNDLE_LOADER = "$(TEST_HOST)";
				INFOPLIST_FILE = StretchMyHeaderTests/Info.plist;
				LD_RUNPATH_SEARCH_PATHS = "$(inherited) @executable_path/Frameworks @loader_path/Frameworks";
				PRODUCT_BUNDLE_IDENTIFIER = RB.StretchMyHeaderTests;
				PRODUCT_NAME = "$(TARGET_NAME)";
				SWIFT_VERSION = 3.0;
				TEST_HOST = "$(BUILT_PRODUCTS_DIR)/StretchMyHeader.app/StretchMyHeader";
			};
			name = Debug;
		};
		314992E71EE6F76C00ACFABB /* Release */ = {
			isa = XCBuildConfiguration;
			buildSettings = {
				ALWAYS_EMBED_SWIFT_STANDARD_LIBRARIES = YES;
				BUNDLE_LOADER = "$(TEST_HOST)";
				INFOPLIST_FILE = StretchMyHeaderTests/Info.plist;
				LD_RUNPATH_SEARCH_PATHS = "$(inherited) @executable_path/Frameworks @loader_path/Frameworks";
				PRODUCT_BUNDLE_IDENTIFIER = RB.StretchMyHeaderTests;
				PRODUCT_NAME = "$(TARGET_NAME)";
				SWIFT_VERSION = 3.0;
				TEST_HOST = "$(BUILT_PRODUCTS_DIR)/StretchMyHeader.app/StretchMyHeader";
			};
			name = Release;
		};
/* End XCBuildConfiguration section */

/* Begin XCConfigurationList section */
		314992C01EE6F76C00ACFABB /* Build configuration list for PBXProject "StretchMyHeader" */ = {
			isa = XCConfigurationList;
			buildConfigurations = (
				314992E01EE6F76C00ACFABB /* Debug */,
				314992E11EE6F76C00ACFABB /* Release */,
			);
			defaultConfigurationIsVisible = 0;
			defaultConfigurationName = Release;
		};
		314992E21EE6F76C00ACFABB /* Build configuration list for PBXNativeTarget "StretchMyHeader" */ = {
			isa = XCConfigurationList;
			buildConfigurations = (
				314992E31EE6F76C00ACFABB /* Debug */,
				314992E41EE6F76C00ACFABB /* Release */,
			);
			defaultConfigurationIsVisible = 0;
		};
		314992E51EE6F76C00ACFABB /* Build configuration list for PBXNativeTarget "StretchMyHeaderTests" */ = {
			isa = XCConfigurationList;
			buildConfigurations = (
				314992E61EE6F76C00ACFABB /* Debug */,
				314992E71EE6F76C00ACFABB /* Release */,
			);
			defaultConfigurationIsVisible = 0;
		};
/* End XCConfigurationList section */
	};
	rootObject = 314992BD1EE6F76C00ACFABB /* Project object */;
}
